<?xml version="1.0" encoding="utf-8"?>
<Project ToolsVersion="4.0" xmlns="http://schemas.microsoft.com/developer/msbuild/2003">
  <ItemGroup>
    <Filter Include="Source Files">
      <UniqueIdentifier>{4FC737F1-C7A5-4376-A066-2A32D752A2FF}</UniqueIdentifier>
      <Extensions>cpp;c;cc;cxx;def;odl;idl;hpj;bat;asm;asmx</Extensions>
    </Filter>
    <Filter Include="Header Files">
      <UniqueIdentifier>{93995380-89BD-4b04-88EB-625FBE52EBFB}</UniqueIdentifier>
      <Extensions>h;hh;hpp;hxx;hm;inl;inc;ipp;xsd</Extensions>
    </Filter>
    <Filter Include="Resource Files">
      <UniqueIdentifier>{67DA6AB6-F800-4c08-8B7A-83BB121AAD01}</UniqueIdentifier>
      <Extensions>rc;ico;cur;bmp;dlg;rc2;rct;bin;rgs;gif;jpg;jpeg;jpe;resx;tiff;tif;png;wav;mfcribbon-ms</Extensions>
    </Filter>
  </ItemGroup>
  <ItemGroup>
    <ClCompile Include="src\assimp_model.cpp">
      <Filter>Source Files</Filter>
    </ClCompile>
    <ClCompile Include="src\dirLight.cpp">
      <Filter>Source Files</Filter>
    </ClCompile>
    <ClCompile Include="src\freeTypeFont.cpp">
      <Filter>Source Files</Filter>
    </ClCompile>
    <ClCompile Include="src\heightmap.cpp">
      <Filter>Source Files</Filter>
    </ClCompile>
    <ClCompile Include="src\shaders.cpp">
      <Filter>Source Files</Filter>
    </ClCompile>
    <ClCompile Include="src\skybox.cpp">
      <Filter>Source Files</Filter>
    </ClCompile>
    <ClCompile Include="src\texture.cpp">
      <Filter>Source Files</Filter>
    </ClCompile>
    <ClCompile Include="src\vertexBufferObject.cpp">
      <Filter>Source Files</Filter>
    </ClCompile>
    <ClCompile Include="src\App.cpp">
      <Filter>Source Files</Filter>
    </ClCompile>
  </ItemGroup>
  <ItemGroup>
    <None Include="data\models\house\house.3ds" />
    <None Include="data\models\house\house.ms3d" />
    <None Include="data\models\house\house.mtl" />
    <None Include="data\models\Wolf\Wolf.mtl" />
    <None Include="data\shaders\color.frag" />
    <None Include="data\shaders\color.vert" />
    <None Include="data\shaders\dirLight.frag" />
    <None Include="data\shaders\fog.frag" />
    <None Include="data\shaders\font2D.frag" />
    <None Include="data\shaders\main_shader.frag" />
    <None Include="data\shaders\main_shader.vert" />
    <None Include="data\shaders\ortho2D.frag" />
    <None Include="data\shaders\ortho2D.vert" />
    <None Include="data\shaders\pointLight.frag" />
    <None Include="data\shaders\spotLight.frag" />
    <None Include="data\shaders\terrain.frag" />
    <None Include="data\shaders\terrain.vert" />
    <None Include="data\skyboxes\elbrus\elbrus.zip" />
    <None Include="data\skyboxes\ely_hills\ely_hills.shader" />
  </ItemGroup>
  <ItemGroup>
    <Image Include="data\models\house\house.jpg">
      <Filter>Resource Files</Filter>
    </Image>
    <Image Include="data\models\Wolf\Wolf_body_D.tga" />
    <Image Include="data\models\Wolf\Wolf_body_N.tga" />
    <Image Include="data\models\Wolf\Wolf_body_S.tga" />
    <Image Include="data\models\Wolf\Wolf_fur_D.tga" />
    <Image Include="data\models\Wolf\Wolf_fur_N.tga" />
    <Image Include="data\models\Wolf\Wolf_fur_S.tga" />
    <Image Include="data\models\Wolf\Wolf_legs_D.tga" />
    <Image Include="data\models\Wolf\Wolf_legs_N.tga" />
    <Image Include="data\models\Wolf\Wolf_legs_S.tga" />
    <Image Include="data\skyboxes\elbrus\elbrus_back.jpg">
      <Filter>Resource Files</Filter>
    </Image>
    <Image Include="data\skyboxes\elbrus\elbrus_front.jpg">
      <Filter>Resource Files</Filter>
    </Image>
    <Image Include="data\skyboxes\elbrus\elbrus_left.jpg">
      <Filter>Resource Files</Filter>
    </Image>
    <Image Include="data\skyboxes\elbrus\elbrus_right.jpg">
      <Filter>Resource Files</Filter>
    </Image>
    <Image Include="data\skyboxes\elbrus\elbrus_top.jpg">
      <Filter>Resource Files</Filter>
    </Image>
    <Image Include="data\textures\fungus.dds" />
    <Image Include="data\textures\path.png">
      <Filter>Resource Files</Filter>
    </Image>
    <Image Include="data\textures\rock_2_4w.jpg">
      <Filter>Resource Files</Filter>
    </Image>
    <Image Include="data\textures\sand.jpg">
      <Filter>Resource Files</Filter>
    </Image>
    <Image Include="data\textures\sand_grass_02.jpg">
      <Filter>Resource Files</Filter>
    </Image>
    <Image Include="data\worlds\consider_this_question.bmp">
      <Filter>Resource Files</Filter>
    </Image>
    <Image Include="data\skyboxes\ely_hills\hills_bk.tga" />
    <Image Include="data\skyboxes\ely_hills\hills_dn.tga" />
    <Image Include="data\skyboxes\ely_hills\hills_ft.tga" />
    <Image Include="data\skyboxes\ely_hills\hills_lf.tga" />
    <Image Include="data\skyboxes\ely_hills\hills_rt.tga" />
    <Image Include="data\skyboxes\ely_hills\hills_up.tga" />
  </ItemGroup>
  <ItemGroup>
    <Text Include="data\skyboxes\elbrus\Note.txt" />
  </ItemGroup>
  <ItemGroup>
    <ClInclude Include="src\assimp_model.h">
      <Filter>Header Files</Filter>
    </ClInclude>
    <ClInclude Include="src\common_header.h">
      <Filter>Header Files</Filter>
    </ClInclude>
    <ClInclude Include="src\dirLight.h">
      <Filter>Header Files</Filter>
    </ClInclude>
    <ClInclude Include="src\flyingCamera.h">
      <Filter>Header Files</Filter>
    </ClInclude>
    <ClInclude Include="src\freeTypeFont.h">
      <Filter>Header Files</Filter>
    </ClInclude>
    <ClInclude Include="src\heightmap.h">
      <Filter>Header Files</Filter>
    </ClInclude>
    <ClInclude Include="src\shaders.h">
      <Filter>Header Files</Filter>
    </ClInclude>
    <ClInclude Include="src\skybox.h">
      <Filter>Header Files</Filter>
    </ClInclude>
    <ClInclude Include="src\texture.h">
      <Filter>Header Files</Filter>
    </ClInclude>
    <ClInclude Include="src\vertexBufferObject.h">
      <Filter>Header Files</Filter>
    </ClInclude>
  </ItemGroup>
</Project>